
Microsoft Visual Studio Solution File, Format Version 12.00
# Visual Studio Version 17
VisualStudioVersion = 17.4.33205.214
MinimumVisualStudioVersion = 10.0.40219.1
Project("{FAE04EC0-301F-11D3-BF4B-00C04F79EFBC}") = "DB_ElnazSamavati", "DB_ElnazSamavati\DB_ElnazSamavati.csproj", "{BF573858-D832-49B0-9151-F29091540E2C}"
EndProject
Global
	GlobalSection(SolutionConfigurationPlatforms) = preSolution
		Debug|Any CPU = Debug|Any CPU
		Release|Any CPU = Release|Any CPU
	EndGlobalSection
	GlobalSection(ProjectConfigurationPlatforms) = postSolution
		{BF573858-D832-49B0-9151-F29091540E2C}.Debug|Any CPU.ActiveCfg = Debug|Any CPU
		{BF573858-D832-49B0-9151-F29091540E2C}.Debug|Any CPU.Build.0 = Debug|Any CPU
		{BF573858-D832-49B0-9151-F29091540E2C}.Release|Any CPU.ActiveCfg = Release|Any CPU
		{BF573858-D832-49B0-9151-F29091540E2C}.Release|Any CPU.Build.0 = Release|Any CPU
	EndGlobalSection
	GlobalSection(SolutionProperties) = preSolution
		HideSolutionNode = FALSE
	EndGlobalSection
	GlobalSection(ExtensibilityGlobals) = postSolution
		SolutionGuid = {2DB60A6B-6346-4B07-B980-D18ABE80201F}
	EndGlobalSection
EndGlobal
